{
  "name": "netology",
  "version": "1.0.0",
  "lockfileVersion": 2,
  "requires": true,
  "packages": {
    "": {
      "name": "netology",
      "version": "1.0.0",
      "license": "ISC",
      "dependencies": {
        "tsc-init": "^2.1.0"
      },
      "devDependencies": {
        "typescript": "^5.0.4"
      }
    },
    "node_modules/tsc-init": {
      "version": "2.1.0",
      "resolved": "https://registry.npmjs.org/tsc-init/-/tsc-init-2.1.0.tgz",
      "integrity": "sha512-0hKc/Qdf/fi2AAmJejMSfXykwfP2MJXL6lbkA5qzMPUUurj8or7w30I/jTa86i2Ixpp2g7WXOgKWoT39MGXFew==",
      "bin": {
        "tsc-init": "index.js"
      }
    },
    "node_modules/typescript": {
      "version": "5.0.4",
      "resolved": "https://registry.npmjs.org/typescript/-/typescript-5.0.4.tgz",
      "integrity": "sha512-cW9T5W9xY37cc+jfEnaUvX91foxtHkza3Nw3wkoF4sSlKn0MONdkdEndig/qPBWXNkmplh3NzayQzCiHM4/hqw==",
      "dev": true,
      "bin": {
        "tsc": "bin/tsc",
        "tsserver": "bin/tsserver"
      },
      "engines": {
        "node": ">=12.20"
      }
    }
  },
  "dependencies": {
    "tsc-init": {
      "version": "2.1.0",
      "resolved": "https://registry.npmjs.org/tsc-init/-/tsc-init-2.1.0.tgz",
      "integrity": "sha512-0hKc/Qdf/fi2AAmJejMSfXykwfP2MJXL6lbkA5qzMPUUurj8or7w30I/jTa86i2Ixpp2g7WXOgKWoT39MGXFew=="
    },
    "typescript": {
      "version": "5.0.4",
      "resolved": "https://registry.npmjs.org/typescript/-/typescript-5.0.4.tgz",
      "integrity": "sha512-cW9T5W9xY37cc+jfEnaUvX91foxtHkza3Nw3wkoF4sSlKn0MONdkdEndig/qPBWXNkmplh3NzayQzCiHM4/hqw==",
      "dev": true
    }
  }
}
